
Microsoft Visual Studio Solution File, Format Version 12.00
# Visual Studio Version 17
VisualStudioVersion = 17.13.35825.156 d17.13
MinimumVisualStudioVersion = 10.0.40219.1
Project("{FAE04EC0-301F-11D3-BF4B-00C04F79EFBC}") = "NEGRI", "NEGRI.csproj", "{62FF3432-9244-4AE9-80AF-85C9197C4EA2}"
EndProject
Global
	GlobalSection(SolutionConfigurationPlatforms) = preSolution
		Debug|Any CPU = Debug|Any CPU
		Release|Any CPU = Release|Any CPU
	EndGlobalSection
	GlobalSection(ProjectConfigurationPlatforms) = postSolution
		{62FF3432-9244-4AE9-80AF-85C9197C4EA2}.Debug|Any CPU.ActiveCfg = Debug|Any CPU
		{62FF3432-9244-4AE9-80AF-85C9197C4EA2}.Debug|Any CPU.Build.0 = Debug|Any CPU
		{62FF3432-9244-4AE9-80AF-85C9197C4EA2}.Release|Any CPU.ActiveCfg = Release|Any CPU
		{62FF3432-9244-4AE9-80AF-85C9197C4EA2}.Release|Any CPU.Build.0 = Release|Any CPU
	EndGlobalSection
	GlobalSection(SolutionProperties) = preSolution
		HideSolutionNode = FALSE
	EndGlobalSection
	GlobalSection(ExtensibilityGlobals) = postSolution
		SolutionGuid = {1E5C7672-6F0D-4EC6-9A12-EFEC3D978FD3}
	EndGlobalSection
EndGlobal
